
Microsoft Visual Studio Solution File, Format Version 12.00
# Visual Studio 15
VisualStudioVersion = 15.0.27004.2002
MinimumVisualStudioVersion = 10.0.40219.1
Project("{9A19103F-16F7-4668-BE54-9A1E7A4F7556}") = "ConfiMicToggler", "src\ConfiMicToggler.csproj", "{26979EB4-88CD-4EE2-91DE-1677BEE0D093}"
EndProject
Global
	GlobalSection(SolutionConfigurationPlatforms) = preSolution
		Debug|Any CPU = Debug|Any CPU
		Release|Any CPU = Release|Any CPU
	EndGlobalSection
	GlobalSection(ProjectConfigurationPlatforms) = postSolution
		{26979EB4-88CD-4EE2-91DE-1677BEE0D093}.Debug|Any CPU.ActiveCfg = Debug|Any CPU
		{26979EB4-88CD-4EE2-91DE-1677BEE0D093}.Debug|Any CPU.Build.0 = Debug|Any CPU
		{26979EB4-88CD-4EE2-91DE-1677BEE0D093}.Release|Any CPU.ActiveCfg = Release|Any CPU
		{26979EB4-88CD-4EE2-91DE-1677BEE0D093}.Release|Any CPU.Build.0 = Release|Any CPU
	EndGlobalSection
	GlobalSection(SolutionProperties) = preSolution
		HideSolutionNode = FALSE
	EndGlobalSection
	GlobalSection(ExtensibilityGlobals) = postSolution
		SolutionGuid = {61E2195F-1C6E-4F27-85E6-3E5AF696D47E}
	EndGlobalSection
EndGlobal
